// !$*UTF8*$!
{
	archiveVersion = 1;
	classes = {
	};
	objectVersion = 46;
	objects = {

/* Begin PBXBuildFile section */
		42E79AD41B4EEA86001F4E01 /* AppDelegate.swift in Sources */ = {isa = PBXBuildFile; fileRef = 42E79AD31B4EEA86001F4E01 /* AppDelegate.swift */; };
		42E79AD61B4EEA86001F4E01 /* MasterViewController.swift in Sources */ = {isa = PBXBuildFile; fileRef = 42E79AD51B4EEA86001F4E01 /* MasterViewController.swift */; };
		42E79AD81B4EEA86001F4E01 /* DetailViewController.swift in Sources */ = {isa = PBXBuildFile; fileRef = 42E79AD71B4EEA86001F4E01 /* DetailViewController.swift */; };
		42E79ADB1B4EEA86001F4E01 /* Main.storyboard in Resources */ = {isa = PBXBuildFile; fileRef = 42E79AD91B4EEA86001F4E01 /* Main.storyboard */; };
		42E79ADD1B4EEA86001F4E01 /* Assets.xcassets in Resources */ = {isa = PBXBuildFile; fileRef = 42E79ADC1B4EEA86001F4E01 /* Assets.xcassets */; };
		42E79AE01B4EEA86001F4E01 /* LaunchScreen.storyboard in Resources */ = {isa = PBXBuildFile; fileRef = 42E79ADE1B4EEA86001F4E01 /* LaunchScreen.storyboard */; };
		42E79AEB1B4EEA87001F4E01 /* SnapshotTestingDemoTests.swift in Sources */ = {isa = PBXBuildFile; fileRef = 42E79AEA1B4EEA87001F4E01 /* SnapshotTestingDemoTests.swift */; };
		42E79AF61B4EEA87001F4E01 /* SnapshotTestingDemoUITests.swift in Sources */ = {isa = PBXBuildFile; fileRef = 42E79AF51B4EEA87001F4E01 /* SnapshotTestingDemoUITests.swift */; };
/* End PBXBuildFile section */

/* Begin PBXContainerItemProxy section */
		42E79AE71B4EEA87001F4E01 /* PBXContainerItemProxy */ = {
			isa = PBXContainerItemProxy;
			containerPortal = 42E79AC81B4EEA86001F4E01 /* Project object */;
			proxyType = 1;
			remoteGlobalIDString = 42E79ACF1B4EEA86001F4E01;
			remoteInfo = SnapshotTestingDemo;
		};
		42E79AF21B4EEA87001F4E01 /* PBXContainerItemProxy */ = {
			isa = PBXContainerItemProxy;
			containerPortal = 42E79AC81B4EEA86001F4E01 /* Project object */;
			proxyType = 1;
			remoteGlobalIDString = 42E79ACF1B4EEA86001F4E01;
			remoteInfo = SnapshotTestingDemo;
		};
/* End PBXContainerItemProxy section */

/* Begin PBXFileReference section */
		42E79AD01B4EEA86001F4E01 /* SnapshotTestingDemo.app */ = {isa = PBXFileReference; explicitFileType = wrapper.application; includeInIndex = 0; path = SnapshotTestingDemo.app; sourceTree = BUILT_PRODUCTS_DIR; };
		42E79AD31B4EEA86001F4E01 /* AppDelegate.swift */ = {isa = PBXFileReference; lastKnownFileType = sourcecode.swift; path = AppDelegate.swift; sourceTree = "<group>"; };
		42E79AD51B4EEA86001F4E01 /* MasterViewController.swift */ = {isa = PBXFileReference; lastKnownFileType = sourcecode.swift; path = MasterViewController.swift; sourceTree = "<group>"; };
		42E79AD71B4EEA86001F4E01 /* DetailViewController.swift */ = {isa = PBXFileReference; lastKnownFileType = sourcecode.swift; path = DetailViewController.swift; sourceTree = "<group>"; };
		42E79ADA1B4EEA86001F4E01 /* Base */ = {isa = PBXFileReference; lastKnownFileType = file.storyboard; name = Base; path = Base.lproj/Main.storyboard; sourceTree = "<group>"; };
		42E79ADC1B4EEA86001F4E01 /* Assets.xcassets */ = {isa = PBXFileReference; lastKnownFileType = folder.assetcatalog; path = Assets.xcassets; sourceTree = "<group>"; };
		42E79ADF1B4EEA86001F4E01 /* Base */ = {isa = PBXFileReference; lastKnownFileType = file.storyboard; name = Base; path = Base.lproj/LaunchScreen.storyboard; sourceTree = "<group>"; };
		42E79AE11B4EEA86001F4E01 /* Info.plist */ = {isa = PBXFileReference; lastKnownFileType = text.plist.xml; path = Info.plist; sourceTree = "<group>"; };
		42E79AE61B4EEA87001F4E01 /* SnapshotTestingDemoTests.xctest */ = {isa = PBXFileReference; explicitFileType = wrapper.cfbundle; includeInIndex = 0; path = SnapshotTestingDemoTests.xctest; sourceTree = BUILT_PRODUCTS_DIR; };
		42E79AEA1B4EEA87001F4E01 /* SnapshotTestingDemoTests.swift */ = {isa = PBXFileReference; lastKnownFileType = sourcecode.swift; path = SnapshotTestingDemoTests.swift; sourceTree = "<group>"; };
		42E79AEC1B4EEA87001F4E01 /* Info.plist */ = {isa = PBXFileReference; lastKnownFileType = text.plist.xml; path = Info.plist; sourceTree = "<group>"; };
		42E79AF11B4EEA87001F4E01 /* SnapshotTestingDemoUITests.xctest */ = {isa = PBXFileReference; explicitFileType = wrapper.cfbundle; includeInIndex = 0; path = SnapshotTestingDemoUITests.xctest; sourceTree = BUILT_PRODUCTS_DIR; };
		42E79AF51B4EEA87001F4E01 /* SnapshotTestingDemoUITests.swift */ = {isa = PBXFileReference; lastKnownFileType = sourcecode.swift; path = SnapshotTestingDemoUITests.swift; sourceTree = "<group>"; };
		42E79AF71B4EEA87001F4E01 /* Info.plist */ = {isa = PBXFileReference; lastKnownFileType = text.plist.xml; path = Info.plist; sourceTree = "<group>"; };
/* End PBXFileReference section */

/* Begin PBXFrameworksBuildPhase section */
		42E79ACD1B4EEA86001F4E01 /* Frameworks */ = {
			isa = PBXFrameworksBuildPhase;
			buildActionMask = 2147483647;
			files = (
			);
			runOnlyForDeploymentPostprocessing = 0;
		};
		42E79AE31B4EEA87001F4E01 /* Frameworks */ = {
			isa = PBXFrameworksBuildPhase;
			buildActionMask = 2147483647;
			files = (
			);
			runOnlyForDeploymentPostprocessing = 0;
		};
		42E79AEE1B4EEA87001F4E01 /* Frameworks */ = {
			isa = PBXFrameworksBuildPhase;
			buildActionMask = 2147483647;
			files = (
			);
			runOnlyForDeploymentPostprocessing = 0;
		};
/* End PBXFrameworksBuildPhase section */

/* Begin PBXGroup section */
		42E79AC71B4EEA86001F4E01 = {
			isa = PBXGroup;
			children = (
				42E79AD21B4EEA86001F4E01 /* SnapshotTestingDemo */,
				42E79AE91B4EEA87001F4E01 /* SnapshotTestingDemoTests */,
				42E79AF41B4EEA87001F4E01 /* SnapshotTestingDemoUITests */,
				42E79AD11B4EEA86001F4E01 /* Products */,
			);
			sourceTree = "<group>";
		};
		42E79AD11B4EEA86001F4E01 /* Products */ = {
			isa = PBXGroup;
			children = (
				42E79AD01B4EEA86001F4E01 /* SnapshotTestingDemo.app */,
				42E79AE61B4EEA87001F4E01 /* SnapshotTestingDemoTests.xctest */,
				42E79AF11B4EEA87001F4E01 /* SnapshotTestingDemoUITests.xctest */,
			);
			name = Products;
			sourceTree = "<group>";
		};
		42E79AD21B4EEA86001F4E01 /* SnapshotTestingDemo */ = {
			isa = PBXGroup;
			children = (
				42E79AD31B4EEA86001F4E01 /* AppDelegate.swift */,
				42E79AD51B4EEA86001F4E01 /* MasterViewController.swift */,
				42E79AD71B4EEA86001F4E01 /* DetailViewController.swift */,
				42E79AD91B4EEA86001F4E01 /* Main.storyboard */,
				42E79ADC1B4EEA86001F4E01 /* Assets.xcassets */,
				42E79ADE1B4EEA86001F4E01 /* LaunchScreen.storyboard */,
				42E79AE11B4EEA86001F4E01 /* Info.plist */,
			);
			path = SnapshotTestingDemo;
			sourceTree = "<group>";
		};
		42E79AE91B4EEA87001F4E01 /* SnapshotTestingDemoTests */ = {
			isa = PBXGroup;
			children = (
				42E79AEA1B4EEA87001F4E01 /* SnapshotTestingDemoTests.swift */,
				42E79AEC1B4EEA87001F4E01 /* Info.plist */,
			);
			path = SnapshotTestingDemoTests;
			sourceTree = "<group>";
		};
		42E79AF41B4EEA87001F4E01 /* SnapshotTestingDemoUITests */ = {
			isa = PBXGroup;
			children = (
				42E79AF51B4EEA87001F4E01 /* SnapshotTestingDemoUITests.swift */,
				42E79AF71B4EEA87001F4E01 /* Info.plist */,
			);
			path = SnapshotTestingDemoUITests;
			sourceTree = "<group>";
		};
/* End PBXGroup section */

/* Begin PBXNativeTarget section */
		42E79ACF1B4EEA86001F4E01 /* SnapshotTestingDemo */ = {
			isa = PBXNativeTarget;
			buildConfigurationList = 42E79AFA1B4EEA87001F4E01 /* Build configuration list for PBXNativeTarget "SnapshotTestingDemo" */;
			buildPhases = (
				42E79ACC1B4EEA86001F4E01 /* Sources */,
				42E79ACD1B4EEA86001F4E01 /* Frameworks */,
				42E79ACE1B4EEA86001F4E01 /* Resources */,
			);
			buildRules = (
			);
			dependencies = (
			);
			name = SnapshotTestingDemo;
			productName = SnapshotTestingDemo;
			productReference = 42E79AD01B4EEA86001F4E01 /* SnapshotTestingDemo.app */;
			productType = "com.apple.product-type.application";
		};
		42E79AE51B4EEA87001F4E01 /* SnapshotTestingDemoTests */ = {
			isa = PBXNativeTarget;
			buildConfigurationList = 42E79AFD1B4EEA87001F4E01 /* Build configuration list for PBXNativeTarget "SnapshotTestingDemoTests" */;
			buildPhases = (
				42E79AE21B4EEA87001F4E01 /* Sources */,
				42E79AE31B4EEA87001F4E01 /* Frameworks */,
				42E79AE41B4EEA87001F4E01 /* Resources */,
			);
			buildRules = (
			);
			dependencies = (
				42E79AE81B4EEA87001F4E01 /* PBXTargetDependency */,
			);
			name = SnapshotTestingDemoTests;
			productName = SnapshotTestingDemoTests;
			productReference = 42E79AE61B4EEA87001F4E01 /* SnapshotTestingDemoTests.xctest */;
			productType = "com.apple.product-type.bundle.unit-test";
		};
		42E79AF01B4EEA87001F4E01 /* SnapshotTestingDemoUITests */ = {
			isa = PBXNativeTarget;
			buildConfigurationList = 42E79B001B4EEA87001F4E01 /* Build configuration list for PBXNativeTarget "SnapshotTestingDemoUITests" */;
			buildPhases = (
				42E79AED1B4EEA87001F4E01 /* Sources */,
				42E79AEE1B4EEA87001F4E01 /* Frameworks */,
				42E79AEF1B4EEA87001F4E01 /* Resources */,
			);
			buildRules = (
			);
			dependencies = (
				42E79AF31B4EEA87001F4E01 /* PBXTargetDependency */,
			);
			name = SnapshotTestingDemoUITests;
			productName = SnapshotTestingDemoUITests;
			productReference = 42E79AF11B4EEA87001F4E01 /* SnapshotTestingDemoUITests.xctest */;
			productType = "com.apple.product-type.bundle.ui-testing";
		};
/* End PBXNativeTarget section */

/* Begin PBXProject section */
		42E79AC81B4EEA86001F4E01 /* Project object */ = {
			isa = PBXProject;
			attributes = {
				LastUpgradeCheck = 0700;
				ORGANIZATIONNAME = "notjosh, inc";
				TargetAttributes = {
					42E79ACF1B4EEA86001F4E01 = {
						CreatedOnToolsVersion = 7.0;
					};
					42E79AE51B4EEA87001F4E01 = {
						CreatedOnToolsVersion = 7.0;
						TestTargetID = 42E79ACF1B4EEA86001F4E01;
					};
					42E79AF01B4EEA87001F4E01 = {
						CreatedOnToolsVersion = 7.0;
						TestTargetID = 42E79ACF1B4EEA86001F4E01;
					};
				};
			};
			buildConfigurationList = 42E79ACB1B4EEA86001F4E01 /* Build configuration list for PBXProject "SnapshotTestingDemo" */;
			compatibilityVersion = "Xcode 3.2";
			developmentRegion = English;
			hasScannedForEncodings = 0;
			knownRegions = (
				en,
				Base,
			);
			mainGroup = 42E79AC71B4EEA86001F4E01;
			productRefGroup = 42E79AD11B4EEA86001F4E01 /* Products */;
			projectDirPath = "";
			projectRoot = "";
			targets = (
				42E79ACF1B4EEA86001F4E01 /* SnapshotTestingDemo */,
				42E79AE51B4EEA87001F4E01 /* SnapshotTestingDemoTests */,
				42E79AF01B4EEA87001F4E01 /* SnapshotTestingDemoUITests */,
			);
		};
/* End PBXProject section */

/* Begin PBXResourcesBuildPhase section */
		42E79ACE1B4EEA86001F4E01 /* Resources */ = {
			isa = PBXResourcesBuildPhase;
			buildActionMask = 2147483647;
			files = (
				42E79AE01B4EEA86001F4E01 /* LaunchScreen.storyboard in Resources */,
				42E79ADD1B4EEA86001F4E01 /* Assets.xcassets in Resources */,
				42E79ADB1B4EEA86001F4E01 /* Main.storyboard in Resources */,
			);
			runOnlyForDeploymentPostprocessing = 0;
		};
		42E79AE41B4EEA87001F4E01 /* Resources */ = {
			isa = PBXResourcesBuildPhase;
			buildActionMask = 2147483647;
			files = (
			);
			runOnlyForDeploymentPostprocessing = 0;
		};
		42E79AEF1B4EEA87001F4E01 /* Resources */ = {
			isa = PBXResourcesBuildPhase;
			buildActionMask = 2147483647;
			files = (
			);
			runOnlyForDeploymentPostprocessing = 0;
		};
/* End PBXResourcesBuildPhase section */

/* Begin PBXSourcesBuildPhase section */
		42E79ACC1B4EEA86001F4E01 /* Sources */ = {
			isa = PBXSourcesBuildPhase;
			buildActionMask = 2147483647;
			files = (
				42E79AD81B4EEA86001F4E01 /* DetailViewController.swift in Sources */,
				42E79AD61B4EEA86001F4E01 /* MasterViewController.swift in Sources */,
				42E79AD41B4EEA86001F4E01 /* AppDelegate.swift in Sources */,
			);
			runOnlyForDeploymentPostprocessing = 0;
		};
		42E79AE21B4EEA87001F4E01 /* Sources */ = {
			isa = PBXSourcesBuildPhase;
			buildActionMask = 2147483647;
			files = (
				42E79AEB1B4EEA87001F4E01 /* SnapshotTestingDemoTests.swift in Sources */,
			);
			runOnlyForDeploymentPostprocessing = 0;
		};
		42E79AED1B4EEA87001F4E01 /* Sources */ = {
			isa = PBXSourcesBuildPhase;
			buildActionMask = 2147483647;
			files = (
				42E79AF61B4EEA87001F4E01 /* SnapshotTestingDemoUITests.swift in Sources */,
			);
			runOnlyForDeploymentPostprocessing = 0;
		};
/* End PBXSourcesBuildPhase section */

/* Begin PBXTargetDependency section */
		42E79AE81B4EEA87001F4E01 /* PBXTargetDependency */ = {
			isa = PBXTargetDependency;
			target = 42E79ACF1B4EEA86001F4E01 /* SnapshotTestingDemo */;
			targetProxy = 42E79AE71B4EEA87001F4E01 /* PBXContainerItemProxy */;
		};
		42E79AF31B4EEA87001F4E01 /* PBXTargetDependency */ = {
			isa = PBXTargetDependency;
			target = 42E79ACF1B4EEA86001F4E01 /* SnapshotTestingDemo */;
			targetProxy = 42E79AF21B4EEA87001F4E01 /* PBXContainerItemProxy */;
		};
/* End PBXTargetDependency section */

/* Begin PBXVariantGroup section */
		42E79AD91B4EEA86001F4E01 /* Main.storyboard */ = {
			isa = PBXVariantGroup;
			children = (
				42E79ADA1B4EEA86001F4E01 /* Base */,
			);
			name = Main.storyboard;
			sourceTree = "<group>";
		};
		42E79ADE1B4EEA86001F4E01 /* LaunchScreen.storyboard */ = {
			isa = PBXVariantGroup;
			children = (
				42E79ADF1B4EEA86001F4E01 /* Base */,
			);
			name = LaunchScreen.storyboard;
			sourceTree = "<group>";
		};
/* End PBXVariantGroup section */

/* Begin XCBuildConfiguration section */
		42E79AF81B4EEA87001F4E01 /* Debug */ = {
			isa = XCBuildConfiguration;
			buildSettings = {
				ALWAYS_SEARCH_USER_PATHS = NO;
				CLANG_CXX_LANGUAGE_STANDARD = "gnu++0x";
				CLANG_CXX_LIBRARY = "libc++";
				CLANG_ENABLE_MODULES = YES;
				CLANG_ENABLE_OBJC_ARC = YES;
				CLANG_WARN_BOOL_CONVERSION = YES;
				CLANG_WARN_CONSTANT_CONVERSION = YES;
				CLANG_WARN_DIRECT_OBJC_ISA_USAGE = YES_ERROR;
				CLANG_WARN_EMPTY_BODY = YES;
				CLANG_WARN_ENUM_CONVERSION = YES;
				CLANG_WARN_INT_CONVERSION = YES;
				CLANG_WARN_OBJC_ROOT_CLASS = YES_ERROR;
				CLANG_WARN_UNREACHABLE_CODE = YES;
				CLANG_WARN__DUPLICATE_METHOD_MATCH = YES;
				"CODE_SIGN_IDENTITY[sdk=iphoneos*]" = "iPhone Developer";
				COPY_PHASE_STRIP = NO;
				DEBUG_INFORMATION_FORMAT = dwarf;
				ENABLE_STRICT_OBJC_MSGSEND = YES;
				ENABLE_TESTABILITY = YES;
				GCC_C_LANGUAGE_STANDARD = gnu99;
				GCC_DYNAMIC_NO_PIC = NO;
				GCC_NO_COMMON_BLOCKS = YES;
				GCC_OPTIMIZATION_LEVEL = 0;
				GCC_PREPROCESSOR_DEFINITIONS = (
					"DEBUG=1",
					"$(inherited)",
				);
				GCC_WARN_64_TO_32_BIT_CONVERSION = YES;
				GCC_WARN_ABOUT_RETURN_TYPE = YES_ERROR;
				GCC_WARN_UNDECLARED_SELECTOR = YES;
				GCC_WARN_UNINITIALIZED_AUTOS = YES_AGGRESSIVE;
				GCC_WARN_UNUSED_FUNCTION = YES;
				GCC_WARN_UNUSED_VARIABLE = YES;
				IPHONEOS_DEPLOYMENT_TARGET = 9.0;
				MTL_ENABLE_DEBUG_INFO = YES;
				ONLY_ACTIVE_ARCH = YES;
				SDKROOT = iphoneos;
				SWIFT_OPTIMIZATION_LEVEL = "-Onone";
			};
			name = Debug;
		};
		42E79AF91B4EEA87001F4E01 /* Release */ = {
			isa = XCBuildConfiguration;
			buildSettings = {
				ALWAYS_SEARCH_USER_PATHS = NO;
				CLANG_CXX_LANGUAGE_STANDARD = "gnu++0x";
				CLANG_CXX_LIBRARY = "libc++";
				CLANG_ENABLE_MODULES = YES;
				CLANG_ENABLE_OBJC_ARC = YES;
				CLANG_WARN_BOOL_CONVERSION = YES;
				CLANG_WARN_CONSTANT_CONVERSION = YES;
				CLANG_WARN_DIRECT_OBJC_ISA_USAGE = YES_ERROR;
				CLANG_WARN_EMPTY_BODY = YES;
				CLANG_WARN_ENUM_CONVERSION = YES;
				CLANG_WARN_INT_CONVERSION = YES;
				CLANG_WARN_OBJC_ROOT_CLASS = YES_ERROR;
				CLANG_WARN_UNREACHABLE_CODE = YES;
				CLANG_WARN__DUPLICATE_METHOD_MATCH = YES;
				"CODE_SIGN_IDENTITY[sdk=iphoneos*]" = "iPhone Developer";
				COPY_PHASE_STRIP = NO;
				DEBUG_INFORMATION_FORMAT = "dwarf-with-dsym";
				ENABLE_NS_ASSERTIONS = NO;
				ENABLE_STRICT_OBJC_MSGSEND = YES;
				GCC_C_LANGUAGE_STANDARD = gnu99;
				GCC_NO_COMMON_BLOCKS = YES;
				GCC_WARN_64_TO_32_BIT_CONVERSION = YES;
				GCC_WARN_ABOUT_RETURN_TYPE = YES_ERROR;
				GCC_WARN_UNDECLARED_SELECTOR = YES;
				GCC_WARN_UNINITIALIZED_AUTOS = YES_AGGRESSIVE;
				GCC_WARN_UNUSED_FUNCTION = YES;
				GCC_WARN_UNUSED_VARIABLE = YES;
				IPHONEOS_DEPLOYMENT_TARGET = 9.0;
				MTL_ENABLE_DEBUG_INFO = NO;
				SDKROOT = iphoneos;
				VALIDATE_PRODUCT = YES;
			};
			name = Release;
		};
		42E79AFB1B4EEA87001F4E01 /* Debug */ = {
			isa = XCBuildConfiguration;
			buildSettings = {
				ASSETCATALOG_COMPILER_APPICON_NAME = AppIcon;
				INFOPLIST_FILE = SnapshotTestingDemo/Info.plist;
				LD_RUNPATH_SEARCH_PATHS = "$(inherited) @executable_path/Frameworks";
				PRODUCT_BUNDLE_IDENTIFIER = com.notjosh.SnapshotTestingDemo;
				PRODUCT_NAME = "$(TARGET_NAME)";
			};
			name = Debug;
		};
		42E79AFC1B4EEA87001F4E01 /* Release */ = {
			isa = XCBuildConfiguration;
			buildSettings = {
				ASSETCATALOG_COMPILER_APPICON_NAME = AppIcon;
				INFOPLIST_FILE = SnapshotTestingDemo/Info.plist;
				LD_RUNPATH_SEARCH_PATHS = "$(inherited) @executable_path/Frameworks";
				PRODUCT_BUNDLE_IDENTIFIER = com.notjosh.SnapshotTestingDemo;
				PRODUCT_NAME = "$(TARGET_NAME)";
			};
			name = Release;
		};
		42E79AFE1B4EEA87001F4E01 /* Debug */ = {
			isa = XCBuildConfiguration;
			buildSettings = {
				BUNDLE_LOADER = "$(TEST_HOST)";
				INFOPLIST_FILE = SnapshotTestingDemoTests/Info.plist;
				LD_RUNPATH_SEARCH_PATHS = "$(inherited) @executable_path/Frameworks @loader_path/Frameworks";
				PRODUCT_BUNDLE_IDENTIFIER = com.notjosh.SnapshotTestingDemoTests;
				PRODUCT_NAME = "$(TARGET_NAME)";
				TEST_HOST = "$(BUILT_PRODUCTS_DIR)/SnapshotTestingDemo.app/SnapshotTestingDemo";
			};
			name = Debug;
		};
		42E79AFF1B4EEA87001F4E01 /* Release */ = {
			isa = XCBuildConfiguration;
			buildSettings = {
				BUNDLE_LOADER = "$(TEST_HOST)";
				INFOPLIST_FILE = SnapshotTestingDemoTests/Info.plist;
				LD_RUNPATH_SEARCH_PATHS = "$(inherited) @executable_path/Frameworks @loader_path/Frameworks";
				PRODUCT_BUNDLE_IDENTIFIER = com.notjosh.SnapshotTestingDemoTests;
				PRODUCT_NAME = "$(TARGET_NAME)";
				TEST_HOST = "$(BUILT_PRODUCTS_DIR)/SnapshotTestingDemo.app/SnapshotTestingDemo";
			};
			name = Release;
		};
		42E79B011B4EEA87001F4E01 /* Debug */ = {
			isa = XCBuildConfiguration;
			buildSettings = {
				INFOPLIST_FILE = SnapshotTestingDemoUITests/Info.plist;
				LD_RUNPATH_SEARCH_PATHS = "$(inherited) @executable_path/Frameworks @loader_path/Frameworks";
				PRODUCT_BUNDLE_IDENTIFIER = com.notjosh.SnapshotTestingDemoUITests;
				PRODUCT_NAME = "$(TARGET_NAME)";
				TEST_TARGET_NAME = SnapshotTestingDemo;
				USES_XCTRUNNER = YES;
			};
			name = Debug;
		};
		42E79B021B4EEA87001F4E01 /* Release */ = {
			isa = XCBuildConfiguration;
			buildSettings = {
				INFOPLIST_FILE = SnapshotTestingDemoUITests/Info.plist;
				LD_RUNPATH_SEARCH_PATHS = "$(inherited) @executable_path/Frameworks @loader_path/Frameworks";
				PRODUCT_BUNDLE_IDENTIFIER = com.notjosh.SnapshotTestingDemoUITests;
				PRODUCT_NAME = "$(TARGET_NAME)";
				TEST_TARGET_NAME = SnapshotTestingDemo;
				USES_XCTRUNNER = YES;
			};
			name = Release;
		};
/* End XCBuildConfiguration section */

/* Begin XCConfigurationList section */
		42E79ACB1B4EEA86001F4E01 /* Build configuration list for PBXProject "SnapshotTestingDemo" */ = {
			isa = XCConfigurationList;
			buildConfigurations = (
				42E79AF81B4EEA87001F4E01 /* Debug */,
				42E79AF91B4EEA87001F4E01 /* Release */,
			);
			defaultConfigurationIsVisible = 0;
			defaultConfigurationName = Release;
		};
		42E79AFA1B4EEA87001F4E01 /* Build configuration list for PBXNativeTarget "SnapshotTestingDemo" */ = {
			isa = XCConfigurationList;
			buildConfigurations = (
				42E79AFB1B4EEA87001F4E01 /* Debug */,
				42E79AFC1B4EEA87001F4E01 /* Release */,
			);
			defaultConfigurationIsVisible = 0;
		};
		42E79AFD1B4EEA87001F4E01 /* Build configuration list for PBXNativeTarget "SnapshotTestingDemoTests" */ = {
			isa = XCConfigurationList;
			buildConfigurations = (
				42E79AFE1B4EEA87001F4E01 /* Debug */,
				42E79AFF1B4EEA87001F4E01 /* Release */,
			);
			defaultConfigurationIsVisible = 0;
		};
		42E79B001B4EEA87001F4E01 /* Build configuration list for PBXNativeTarget "SnapshotTestingDemoUITests" */ = {
			isa = XCConfigurationList;
			buildConfigurations = (
				42E79B011B4EEA87001F4E01 /* Debug */,
				42E79B021B4EEA87001F4E01 /* Release */,
			);
			defaultConfigurationIsVisible = 0;
		};
/* End XCConfigurationList section */
	};
	rootObject = 42E79AC81B4EEA86001F4E01 /* Project object */;
}
